
Microsoft Visual Studio Solution File, Format Version 12.00
# Visual Studio Version 17
VisualStudioVersion = 17.11.35208.52
MinimumVisualStudioVersion = 10.0.40219.1
Project("{FAE04EC0-301F-11D3-BF4B-00C04F79EFBC}") = "Tutorial_2_5", "Tutorial_2_5\Tutorial_2_5.csproj", "{0532365D-54DA-4D75-AEDD-1EC90E120342}"
EndProject
Global
	GlobalSection(SolutionConfigurationPlatforms) = preSolution
		Debug|Any CPU = Debug|Any CPU
		Release|Any CPU = Release|Any CPU
	EndGlobalSection
	GlobalSection(ProjectConfigurationPlatforms) = postSolution
		{0532365D-54DA-4D75-AEDD-1EC90E120342}.Debug|Any CPU.ActiveCfg = Debug|Any CPU
		{0532365D-54DA-4D75-AEDD-1EC90E120342}.Debug|Any CPU.Build.0 = Debug|Any CPU
		{0532365D-54DA-4D75-AEDD-1EC90E120342}.Release|Any CPU.ActiveCfg = Release|Any CPU
		{0532365D-54DA-4D75-AEDD-1EC90E120342}.Release|Any CPU.Build.0 = Release|Any CPU
	EndGlobalSection
	GlobalSection(SolutionProperties) = preSolution
		HideSolutionNode = FALSE
	EndGlobalSection
	GlobalSection(ExtensibilityGlobals) = postSolution
		SolutionGuid = {AE74581E-6F79-482C-949B-8EBD2545E7BD}
	EndGlobalSection
EndGlobal
